{
  "name": "ai-wallpaper-site",
  "version": "1.0.0",
  "lockfileVersion": 3,
  "requires": true,
  "packages": {
    "": {
      "name": "ai-wallpaper-site",
      "version": "1.0.0",
      "dependencies": {
        "next": "15.5.2",
        "react": "19.1.1",
        "react-dom": "19.1.1"
      }
    }
  }
}
